
Microsoft Visual Studio Solution File, Format Version 12.00
# Visual Studio Version 17
VisualStudioVersion = 17.4.33213.308
MinimumVisualStudioVersion = 10.0.40219.1
Project("{FAE04EC0-301F-11D3-BF4B-00C04F79EFBC}") = "Linux", "Linux\Linux.csproj", "{5E33FB1B-A6D0-40C5-92FD-9809A9BBF70B}"
EndProject
Global
	GlobalSection(SolutionConfigurationPlatforms) = preSolution
		Debug|Any CPU = Debug|Any CPU
		Release|Any CPU = Release|Any CPU
	EndGlobalSection
	GlobalSection(ProjectConfigurationPlatforms) = postSolution
		{5E33FB1B-A6D0-40C5-92FD-9809A9BBF70B}.Debug|Any CPU.ActiveCfg = Debug|Any CPU
		{5E33FB1B-A6D0-40C5-92FD-9809A9BBF70B}.Debug|Any CPU.Build.0 = Debug|Any CPU
		{5E33FB1B-A6D0-40C5-92FD-9809A9BBF70B}.Release|Any CPU.ActiveCfg = Release|Any CPU
		{5E33FB1B-A6D0-40C5-92FD-9809A9BBF70B}.Release|Any CPU.Build.0 = Release|Any CPU
	EndGlobalSection
	GlobalSection(SolutionProperties) = preSolution
		HideSolutionNode = FALSE
	EndGlobalSection
	GlobalSection(ExtensibilityGlobals) = postSolution
		SolutionGuid = {03AFC28B-168F-4531-972A-A2BC2D845DF4}
	EndGlobalSection
EndGlobal
